
Microsoft Visual Studio Solution File, Format Version 12.00
# Visual Studio Version 17
VisualStudioVersion = 17.14.36623.8 d17.14
MinimumVisualStudioVersion = 10.0.40219.1
Project("{FAE04EC0-301F-11D3-BF4B-00C04F79EFBC}") = "JuegosFavoritosMVC", "JuegosFavoritosMVC\JuegosFavoritosMVC.csproj", "{7138596E-5139-49AA-A3F7-C253C3D7E39C}"
EndProject
Global
	GlobalSection(SolutionConfigurationPlatforms) = preSolution
		Debug|Any CPU = Debug|Any CPU
		Release|Any CPU = Release|Any CPU
	EndGlobalSection
	GlobalSection(ProjectConfigurationPlatforms) = postSolution
		{7138596E-5139-49AA-A3F7-C253C3D7E39C}.Debug|Any CPU.ActiveCfg = Debug|Any CPU
		{7138596E-5139-49AA-A3F7-C253C3D7E39C}.Debug|Any CPU.Build.0 = Debug|Any CPU
		{7138596E-5139-49AA-A3F7-C253C3D7E39C}.Release|Any CPU.ActiveCfg = Release|Any CPU
		{7138596E-5139-49AA-A3F7-C253C3D7E39C}.Release|Any CPU.Build.0 = Release|Any CPU
	EndGlobalSection
	GlobalSection(SolutionProperties) = preSolution
		HideSolutionNode = FALSE
	EndGlobalSection
	GlobalSection(ExtensibilityGlobals) = postSolution
		SolutionGuid = {26BB6F03-79D9-4E1D-BA3F-4528206AAC8E}
	EndGlobalSection
EndGlobal
